
Microsoft Visual Studio Solution File, Format Version 12.00
# Visual Studio 2013
VisualStudioVersion = 12.0.31101.0
MinimumVisualStudioVersion = 10.0.40219.1
Project("{FAE04EC0-301F-11D3-BF4B-00C04F79EFBC}") = "CreditCardValidator", "CreditCardValidator\CreditCardValidator.csproj", "{96132C86-CC8C-406D-8756-40698CC27BFA}"
EndProject
Project("{FAE04EC0-301F-11D3-BF4B-00C04F79EFBC}") = "CreditCardValidator.UnitTests", "CreditCardValidator.UnitTests\CreditCardValidator.UnitTests.csproj", "{9CBDDD07-E06D-44F2-A205-D2A003E92931}"
EndProject
Project("{FAE04EC0-301F-11D3-BF4B-00C04F79EFBC}") = "CreditCardValidatorWPFConsole", "CreditCardValidatorWPFConsole\CreditCardValidatorWPFConsole.csproj", "{442BEFEA-7FC8-49D3-AA9C-588346E1054E}"
EndProject
Global
	GlobalSection(SolutionConfigurationPlatforms) = preSolution
		Debug|Any CPU = Debug|Any CPU
		Release|Any CPU = Release|Any CPU
	EndGlobalSection
	GlobalSection(ProjectConfigurationPlatforms) = postSolution
		{96132C86-CC8C-406D-8756-40698CC27BFA}.Debug|Any CPU.ActiveCfg = Debug|Any CPU
		{96132C86-CC8C-406D-8756-40698CC27BFA}.Debug|Any CPU.Build.0 = Debug|Any CPU
		{96132C86-CC8C-406D-8756-40698CC27BFA}.Release|Any CPU.ActiveCfg = Release|Any CPU
		{96132C86-CC8C-406D-8756-40698CC27BFA}.Release|Any CPU.Build.0 = Release|Any CPU
		{9CBDDD07-E06D-44F2-A205-D2A003E92931}.Debug|Any CPU.ActiveCfg = Debug|Any CPU
		{9CBDDD07-E06D-44F2-A205-D2A003E92931}.Debug|Any CPU.Build.0 = Debug|Any CPU
		{9CBDDD07-E06D-44F2-A205-D2A003E92931}.Release|Any CPU.ActiveCfg = Release|Any CPU
		{9CBDDD07-E06D-44F2-A205-D2A003E92931}.Release|Any CPU.Build.0 = Release|Any CPU
		{442BEFEA-7FC8-49D3-AA9C-588346E1054E}.Debug|Any CPU.ActiveCfg = Debug|Any CPU
		{442BEFEA-7FC8-49D3-AA9C-588346E1054E}.Debug|Any CPU.Build.0 = Debug|Any CPU
		{442BEFEA-7FC8-49D3-AA9C-588346E1054E}.Release|Any CPU.ActiveCfg = Release|Any CPU
		{442BEFEA-7FC8-49D3-AA9C-588346E1054E}.Release|Any CPU.Build.0 = Release|Any CPU
	EndGlobalSection
	GlobalSection(SolutionProperties) = preSolution
		HideSolutionNode = FALSE
	EndGlobalSection
EndGlobal
